
Microsoft Visual Studio Solution File, Format Version 12.00
# Visual Studio Version 17
VisualStudioVersion = 17.4.33205.214
MinimumVisualStudioVersion = 10.0.40219.1
Project("{9A19103F-16F7-4668-BE54-9A1E7A4F7556}") = "ImageResize.Core", "ImageResize.Core\ImageResize.Core.csproj", "{DBFD647C-4827-4B47-A26C-83964AA98BDE}"
EndProject
Project("{9A19103F-16F7-4668-BE54-9A1E7A4F7556}") = "ImageResizer", "ImageResizer\ImageResizer.csproj", "{0793BD65-3EF3-40C1-A9FD-B2B20BFEFF81}"
EndProject
Global
	GlobalSection(SolutionConfigurationPlatforms) = preSolution
		Debug|Any CPU = Debug|Any CPU
		Release|Any CPU = Release|Any CPU
	EndGlobalSection
	GlobalSection(ProjectConfigurationPlatforms) = postSolution
		{DBFD647C-4827-4B47-A26C-83964AA98BDE}.Debug|Any CPU.ActiveCfg = Debug|Any CPU
		{DBFD647C-4827-4B47-A26C-83964AA98BDE}.Debug|Any CPU.Build.0 = Debug|Any CPU
		{DBFD647C-4827-4B47-A26C-83964AA98BDE}.Release|Any CPU.ActiveCfg = Release|Any CPU
		{DBFD647C-4827-4B47-A26C-83964AA98BDE}.Release|Any CPU.Build.0 = Release|Any CPU
		{0793BD65-3EF3-40C1-A9FD-B2B20BFEFF81}.Debug|Any CPU.ActiveCfg = Debug|Any CPU
		{0793BD65-3EF3-40C1-A9FD-B2B20BFEFF81}.Debug|Any CPU.Build.0 = Debug|Any CPU
		{0793BD65-3EF3-40C1-A9FD-B2B20BFEFF81}.Release|Any CPU.ActiveCfg = Release|Any CPU
		{0793BD65-3EF3-40C1-A9FD-B2B20BFEFF81}.Release|Any CPU.Build.0 = Release|Any CPU
	EndGlobalSection
	GlobalSection(SolutionProperties) = preSolution
		HideSolutionNode = FALSE
	EndGlobalSection
	GlobalSection(ExtensibilityGlobals) = postSolution
		SolutionGuid = {928899F6-DA0E-4601-94AE-6513FC2A1641}
	EndGlobalSection
EndGlobal
